
Microsoft Visual Studio Solution File, Format Version 12.00
# Visual Studio Version 17
VisualStudioVersion = 17.4.33403.182
MinimumVisualStudioVersion = 10.0.40219.1
Project("{FAE04EC0-301F-11D3-BF4B-00C04F79EFBC}") = "FinalProject", "FinalProject\FinalProject.csproj", "{3AE3839F-19CA-4023-922D-CB1D24B66651}"
EndProject
Global
	GlobalSection(SolutionConfigurationPlatforms) = preSolution
		Debug|Any CPU = Debug|Any CPU
		Release|Any CPU = Release|Any CPU
	EndGlobalSection
	GlobalSection(ProjectConfigurationPlatforms) = postSolution
		{3AE3839F-19CA-4023-922D-CB1D24B66651}.Debug|Any CPU.ActiveCfg = Debug|Any CPU
		{3AE3839F-19CA-4023-922D-CB1D24B66651}.Debug|Any CPU.Build.0 = Debug|Any CPU
		{3AE3839F-19CA-4023-922D-CB1D24B66651}.Release|Any CPU.ActiveCfg = Release|Any CPU
		{3AE3839F-19CA-4023-922D-CB1D24B66651}.Release|Any CPU.Build.0 = Release|Any CPU
	EndGlobalSection
	GlobalSection(SolutionProperties) = preSolution
		HideSolutionNode = FALSE
	EndGlobalSection
	GlobalSection(ExtensibilityGlobals) = postSolution
		SolutionGuid = {448C7212-0FFA-4831-B5B3-73E31A88EF75}
	EndGlobalSection
EndGlobal
